
Microsoft Visual Studio Solution File, Format Version 12.00
# Visual Studio Version 17
VisualStudioVersion = 17.14.36119.2 d17.14
MinimumVisualStudioVersion = 10.0.40219.1
Project("{FAE04EC0-301F-11D3-BF4B-00C04F79EFBC}") = "CSharpNativeTools.Test", "CSharpNativeTools.Test\CSharpNativeTools.Test.csproj", "{5EFD8E1F-8250-4D9E-A073-DE604EBF1C1C}"
EndProject
Project("{FAE04EC0-301F-11D3-BF4B-00C04F79EFBC}") = "CSharpNativeTools.Domain", "CSharpNativeTools.Domain\CSharpNativeTools.Domain.csproj", "{F04548A8-525A-4281-A49D-2F0619767009}"
EndProject
Project("{FAE04EC0-301F-11D3-BF4B-00C04F79EFBC}") = "CSharpNativeTools.ResultPattern", "CSharpNativeTools.ResultPattern\CSharpNativeTools.ResultPattern.csproj", "{D60B9174-9596-48CB-AFF9-CC76580CF8E6}"
EndProject
Project("{FAE04EC0-301F-11D3-BF4B-00C04F79EFBC}") = "SharpNativeTools.App", "SharpNativeTools.App\SharpNativeTools.App.csproj", "{DA2058E4-F987-4B06-8D08-E00A94380DFE}"
EndProject
Project("{FAE04EC0-301F-11D3-BF4B-00C04F79EFBC}") = "SourceCodeGenerator", "SourceCodeGenerator\SourceCodeGenerator.csproj", "{2A47F878-E399-499A-BD1E-C52B4E1B872F}"
EndProject
Global
	GlobalSection(SolutionConfigurationPlatforms) = preSolution
		Debug|Any CPU = Debug|Any CPU
		Release|Any CPU = Release|Any CPU
	EndGlobalSection
	GlobalSection(ProjectConfigurationPlatforms) = postSolution
		{5EFD8E1F-8250-4D9E-A073-DE604EBF1C1C}.Debug|Any CPU.ActiveCfg = Debug|Any CPU
		{5EFD8E1F-8250-4D9E-A073-DE604EBF1C1C}.Debug|Any CPU.Build.0 = Debug|Any CPU
		{5EFD8E1F-8250-4D9E-A073-DE604EBF1C1C}.Release|Any CPU.ActiveCfg = Release|Any CPU
		{5EFD8E1F-8250-4D9E-A073-DE604EBF1C1C}.Release|Any CPU.Build.0 = Release|Any CPU
		{F04548A8-525A-4281-A49D-2F0619767009}.Debug|Any CPU.ActiveCfg = Debug|Any CPU
		{F04548A8-525A-4281-A49D-2F0619767009}.Debug|Any CPU.Build.0 = Debug|Any CPU
		{F04548A8-525A-4281-A49D-2F0619767009}.Release|Any CPU.ActiveCfg = Release|Any CPU
		{F04548A8-525A-4281-A49D-2F0619767009}.Release|Any CPU.Build.0 = Release|Any CPU
		{D60B9174-9596-48CB-AFF9-CC76580CF8E6}.Debug|Any CPU.ActiveCfg = Debug|Any CPU
		{D60B9174-9596-48CB-AFF9-CC76580CF8E6}.Debug|Any CPU.Build.0 = Debug|Any CPU
		{D60B9174-9596-48CB-AFF9-CC76580CF8E6}.Release|Any CPU.ActiveCfg = Release|Any CPU
		{D60B9174-9596-48CB-AFF9-CC76580CF8E6}.Release|Any CPU.Build.0 = Release|Any CPU
		{DA2058E4-F987-4B06-8D08-E00A94380DFE}.Debug|Any CPU.ActiveCfg = Debug|Any CPU
		{DA2058E4-F987-4B06-8D08-E00A94380DFE}.Debug|Any CPU.Build.0 = Debug|Any CPU
		{DA2058E4-F987-4B06-8D08-E00A94380DFE}.Release|Any CPU.ActiveCfg = Release|Any CPU
		{DA2058E4-F987-4B06-8D08-E00A94380DFE}.Release|Any CPU.Build.0 = Release|Any CPU
		{2A47F878-E399-499A-BD1E-C52B4E1B872F}.Debug|Any CPU.ActiveCfg = Debug|Any CPU
		{2A47F878-E399-499A-BD1E-C52B4E1B872F}.Debug|Any CPU.Build.0 = Debug|Any CPU
		{2A47F878-E399-499A-BD1E-C52B4E1B872F}.Release|Any CPU.ActiveCfg = Release|Any CPU
		{2A47F878-E399-499A-BD1E-C52B4E1B872F}.Release|Any CPU.Build.0 = Release|Any CPU
	EndGlobalSection
	GlobalSection(SolutionProperties) = preSolution
		HideSolutionNode = FALSE
	EndGlobalSection
	GlobalSection(ExtensibilityGlobals) = postSolution
		SolutionGuid = {F22C7B95-8F4B-44C7-AA62-CCD677CDD02C}
	EndGlobalSection
EndGlobal
